
Microsoft Visual Studio Solution File, Format Version 12.00
# Visual Studio 15
VisualStudioVersion = 15.0.28307.2017
MinimumVisualStudioVersion = 10.0.40219.1
Project("{FAE04EC0-301F-11D3-BF4B-00C04F79EFBC}") = "WindowsFormsApp1", "WindowsFormsApp1\WindowsFormsApp1.csproj", "{AEEBCE75-7F36-4E2D-A61E-35948ED39C73}"
EndProject
Project("{FAE04EC0-301F-11D3-BF4B-00C04F79EFBC}") = "qukuaiian", "..\qukuaiian\qukuaiian\qukuaiian.csproj", "{7589DF7E-40B5-425C-82DC-096B2A0EEF8D}"
EndProject
Global
	GlobalSection(SolutionConfigurationPlatforms) = preSolution
		Debug|Any CPU = Debug|Any CPU
		Release|Any CPU = Release|Any CPU
	EndGlobalSection
	GlobalSection(ProjectConfigurationPlatforms) = postSolution
		{AEEBCE75-7F36-4E2D-A61E-35948ED39C73}.Debug|Any CPU.ActiveCfg = Debug|Any CPU
		{AEEBCE75-7F36-4E2D-A61E-35948ED39C73}.Debug|Any CPU.Build.0 = Debug|Any CPU
		{AEEBCE75-7F36-4E2D-A61E-35948ED39C73}.Release|Any CPU.ActiveCfg = Release|Any CPU
		{AEEBCE75-7F36-4E2D-A61E-35948ED39C73}.Release|Any CPU.Build.0 = Release|Any CPU
		{7589DF7E-40B5-425C-82DC-096B2A0EEF8D}.Debug|Any CPU.ActiveCfg = Debug|Any CPU
		{7589DF7E-40B5-425C-82DC-096B2A0EEF8D}.Debug|Any CPU.Build.0 = Debug|Any CPU
		{7589DF7E-40B5-425C-82DC-096B2A0EEF8D}.Release|Any CPU.ActiveCfg = Release|Any CPU
		{7589DF7E-40B5-425C-82DC-096B2A0EEF8D}.Release|Any CPU.Build.0 = Release|Any CPU
	EndGlobalSection
	GlobalSection(SolutionProperties) = preSolution
		HideSolutionNode = FALSE
	EndGlobalSection
	GlobalSection(ExtensibilityGlobals) = postSolution
		SolutionGuid = {B0BF915A-6A4F-4AC7-87EE-7CF19332A251}
	EndGlobalSection
EndGlobal
